// !$*UTF8*$!
{
	archiveVersion = 1;
	classes = {
	};
	objectVersion = 46;
	objects = {

/* Begin PBXBuildFile section */
		DAEDDFEB1E227ED4000D1F28 /* OpenGL.framework in Frameworks */ = {isa = PBXBuildFile; fileRef = DAEDDFEA1E227ED4000D1F28 /* OpenGL.framework */; };
		DAEDDFED1E227EDA000D1F28 /* CoreVideo.framework in Frameworks */ = {isa = PBXBuildFile; fileRef = DAEDDFEC1E227EDA000D1F28 /* CoreVideo.framework */; };
		DAEDDFEF1E227EE0000D1F28 /* CoreGraphics.framework in Frameworks */ = {isa = PBXBuildFile; fileRef = DAEDDFEE1E227EE0000D1F28 /* CoreGraphics.framework */; };
		DAEDDFF11E227EE5000D1F28 /* Cocoa.framework in Frameworks */ = {isa = PBXBuildFile; fileRef = DAEDDFF01E227EE5000D1F28 /* Cocoa.framework */; };
		DAEDDFF31E227EEE000D1F28 /* IOKit.framework in Frameworks */ = {isa = PBXBuildFile; fileRef = DAEDDFF21E227EEE000D1F28 /* IOKit.framework */; };
		DAEDE00F1E227FC4000D1F28 /* Camera.cpp in Sources */ = {isa = PBXBuildFile; fileRef = DAEDDFF41E227FC4000D1F28 /* Camera.cpp */; };
		DAEDE0101E227FC4000D1F28 /* libGLEW.a in Frameworks */ = {isa = PBXBuildFile; fileRef = DAEDDFF91E227FC4000D1F28 /* libGLEW.a */; };
		DAEDE0111E227FC4000D1F28 /* libglfw3.a in Frameworks */ = {isa = PBXBuildFile; fileRef = DAEDDFFA1E227FC4000D1F28 /* libglfw3.a */; };
		DAEDE0131E227FC4000D1F28 /* Mesh.cpp in Sources */ = {isa = PBXBuildFile; fileRef = DAEDDFFC1E227FC4000D1F28 /* Mesh.cpp */; };
		DAEDE0141E227FC4000D1F28 /* Model3D.cpp in Sources */ = {isa = PBXBuildFile; fileRef = DAEDDFFE1E227FC4000D1F28 /* Model3D.cpp */; };
		DAEDE0151E227FC4000D1F28 /* OpenGL_4_Application_VS2015.cpp in Sources */ = {isa = PBXBuildFile; fileRef = DAEDE0011E227FC4000D1F28 /* OpenGL_4_Application_VS2015.cpp */; };
		DAEDE0161E227FC4000D1F28 /* Shader.cpp in Sources */ = {isa = PBXBuildFile; fileRef = DAEDE0031E227FC4000D1F28 /* Shader.cpp */; };
		DAEDE0171E227FC4000D1F28 /* SkyBox.cpp in Sources */ = {isa = PBXBuildFile; fileRef = DAEDE0071E227FC4000D1F28 /* SkyBox.cpp */; };
		DAEDE0181E227FC4000D1F28 /* stb_image.c in Sources */ = {isa = PBXBuildFile; fileRef = DAEDE0091E227FC4000D1F28 /* stb_image.c */; };
		DAEDE0191E227FC4000D1F28 /* stdafx.cpp in Sources */ = {isa = PBXBuildFile; fileRef = DAEDE00B1E227FC4000D1F28 /* stdafx.cpp */; };
/* End PBXBuildFile section */

/* Begin PBXCopyFilesBuildPhase section */
		DAEDDFDD1E227EC9000D1F28 /* CopyFiles */ = {
			isa = PBXCopyFilesBuildPhase;
			buildActionMask = 2147483647;
			dstPath = /usr/share/man/man1/;
			dstSubfolderSpec = 0;
			files = (
			);
			runOnlyForDeploymentPostprocessing = 1;
		};
/* End PBXCopyFilesBuildPhase section */

/* Begin PBXFileReference section */
		DAEDDFDF1E227EC9000D1F28 /* GPS */ = {isa = PBXFileReference; explicitFileType = "compiled.mach-o.executable"; includeInIndex = 0; path = GPS; sourceTree = BUILT_PRODUCTS_DIR; };
		DAEDDFEA1E227ED4000D1F28 /* OpenGL.framework */ = {isa = PBXFileReference; lastKnownFileType = wrapper.framework; name = OpenGL.framework; path = System/Library/Frameworks/OpenGL.framework; sourceTree = SDKROOT; };
		DAEDDFEC1E227EDA000D1F28 /* CoreVideo.framework */ = {isa = PBXFileReference; lastKnownFileType = wrapper.framework; name = CoreVideo.framework; path = System/Library/Frameworks/CoreVideo.framework; sourceTree = SDKROOT; };
		DAEDDFEE1E227EE0000D1F28 /* CoreGraphics.framework */ = {isa = PBXFileReference; lastKnownFileType = wrapper.framework; name = CoreGraphics.framework; path = System/Library/Frameworks/CoreGraphics.framework; sourceTree = SDKROOT; };
		DAEDDFF01E227EE5000D1F28 /* Cocoa.framework */ = {isa = PBXFileReference; lastKnownFileType = wrapper.framework; name = Cocoa.framework; path = System/Library/Frameworks/Cocoa.framework; sourceTree = SDKROOT; };
		DAEDDFF21E227EEE000D1F28 /* IOKit.framework */ = {isa = PBXFileReference; lastKnownFileType = wrapper.framework; name = IOKit.framework; path = System/Library/Frameworks/IOKit.framework; sourceTree = SDKROOT; };
		DAEDDFF41E227FC4000D1F28 /* Camera.cpp */ = {isa = PBXFileReference; fileEncoding = 4; lastKnownFileType = sourcecode.cpp.cpp; path = Camera.cpp; sourceTree = "<group>"; };
		DAEDDFF51E227FC4000D1F28 /* Camera.hpp */ = {isa = PBXFileReference; fileEncoding = 4; lastKnownFileType = sourcecode.cpp.h; path = Camera.hpp; sourceTree = "<group>"; };
		DAEDDFF61E227FC4000D1F28 /* GL */ = {isa = PBXFileReference; lastKnownFileType = folder; path = GL; sourceTree = "<group>"; };
		DAEDDFF71E227FC4000D1F28 /* GLFW */ = {isa = PBXFileReference; lastKnownFileType = folder; path = GLFW; sourceTree = "<group>"; };
		DAEDDFF81E227FC4000D1F28 /* glm */ = {isa = PBXFileReference; lastKnownFileType = folder; path = glm; sourceTree = "<group>"; };
		DAEDDFF91E227FC4000D1F28 /* libGLEW.a */ = {isa = PBXFileReference; lastKnownFileType = archive.ar; path = libGLEW.a; sourceTree = "<group>"; };
		DAEDDFFA1E227FC4000D1F28 /* libglfw3.a */ = {isa = PBXFileReference; lastKnownFileType = archive.ar; path = libglfw3.a; sourceTree = "<group>"; };
		DAEDDFFC1E227FC4000D1F28 /* Mesh.cpp */ = {isa = PBXFileReference; fileEncoding = 4; lastKnownFileType = sourcecode.cpp.cpp; path = Mesh.cpp; sourceTree = "<group>"; };
		DAEDDFFD1E227FC4000D1F28 /* Mesh.hpp */ = {isa = PBXFileReference; fileEncoding = 4; lastKnownFileType = sourcecode.cpp.h; path = Mesh.hpp; sourceTree = "<group>"; };
		DAEDDFFE1E227FC4000D1F28 /* Model3D.cpp */ = {isa = PBXFileReference; fileEncoding = 4; lastKnownFileType = sourcecode.cpp.cpp; path = Model3D.cpp; sourceTree = "<group>"; };
		DAEDDFFF1E227FC4000D1F28 /* Model3D.hpp */ = {isa = PBXFileReference; fileEncoding = 4; lastKnownFileType = sourcecode.cpp.h; path = Model3D.hpp; sourceTree = "<group>"; };
		DAEDE0001E227FC4000D1F28 /* objects */ = {isa = PBXFileReference; lastKnownFileType = folder; path = objects; sourceTree = "<group>"; };
		DAEDE0011E227FC4000D1F28 /* OpenGL_4_Application_VS2015.cpp */ = {isa = PBXFileReference; fileEncoding = 4; lastKnownFileType = sourcecode.cpp.cpp; path = OpenGL_4_Application_VS2015.cpp; sourceTree = "<group>"; };
		DAEDE0021E227FC4000D1F28 /* Release */ = {isa = PBXFileReference; lastKnownFileType = folder; path = Release; sourceTree = "<group>"; };
		DAEDE0031E227FC4000D1F28 /* Shader.cpp */ = {isa = PBXFileReference; fileEncoding = 4; lastKnownFileType = sourcecode.cpp.cpp; path = Shader.cpp; sourceTree = "<group>"; };
		DAEDE0041E227FC4000D1F28 /* Shader.hpp */ = {isa = PBXFileReference; fileEncoding = 4; lastKnownFileType = sourcecode.cpp.h; path = Shader.hpp; sourceTree = "<group>"; };
		DAEDE0051E227FC4000D1F28 /* shaders */ = {isa = PBXFileReference; lastKnownFileType = folder; path = shaders; sourceTree = "<group>"; };
		DAEDE0061E227FC4000D1F28 /* skybox */ = {isa = PBXFileReference; lastKnownFileType = folder; path = skybox; sourceTree = "<group>"; };
		DAEDE0071E227FC4000D1F28 /* SkyBox.cpp */ = {isa = PBXFileReference; fileEncoding = 4; lastKnownFileType = sourcecode.cpp.cpp; path = SkyBox.cpp; sourceTree = "<group>"; };
		DAEDE0081E227FC4000D1F28 /* SkyBox.hpp */ = {isa = PBXFileReference; fileEncoding = 4; lastKnownFileType = sourcecode.cpp.h; path = SkyBox.hpp; sourceTree = "<group>"; };
		DAEDE0091E227FC4000D1F28 /* stb_image.c */ = {isa = PBXFileReference; fileEncoding = 4; lastKnownFileType = sourcecode.c.c; path = stb_image.c; sourceTree = "<group>"; };
		DAEDE00A1E227FC4000D1F28 /* stb_image.h */ = {isa = PBXFileReference; fileEncoding = 4; lastKnownFileType = sourcecode.c.h; path = stb_image.h; sourceTree = "<group>"; };
		DAEDE00B1E227FC4000D1F28 /* stdafx.cpp */ = {isa = PBXFileReference; fileEncoding = 4; lastKnownFileType = sourcecode.cpp.cpp; path = stdafx.cpp; sourceTree = "<group>"; };
		DAEDE00C1E227FC4000D1F28 /* stdafx.h */ = {isa = PBXFileReference; fileEncoding = 4; lastKnownFileType = sourcecode.c.h; path = stdafx.h; sourceTree = "<group>"; };
		DAEDE00D1E227FC4000D1F28 /* targetver.h */ = {isa = PBXFileReference; fileEncoding = 4; lastKnownFileType = sourcecode.c.h; path = targetver.h; sourceTree = "<group>"; };
		DAEDE00E1E227FC4000D1F28 /* tiny_obj_loader.h */ = {isa = PBXFileReference; fileEncoding = 4; lastKnownFileType = sourcecode.c.h; path = tiny_obj_loader.h; sourceTree = "<group>"; };
/* End PBXFileReference section */

/* Begin PBXFrameworksBuildPhase section */
		DAEDDFDC1E227EC9000D1F28 /* Frameworks */ = {
			isa = PBXFrameworksBuildPhase;
			buildActionMask = 2147483647;
			files = (
				DAEDDFF31E227EEE000D1F28 /* IOKit.framework in Frameworks */,
				DAEDE0111E227FC4000D1F28 /* libglfw3.a in Frameworks */,
				DAEDDFF11E227EE5000D1F28 /* Cocoa.framework in Frameworks */,
				DAEDE0101E227FC4000D1F28 /* libGLEW.a in Frameworks */,
				DAEDDFEF1E227EE0000D1F28 /* CoreGraphics.framework in Frameworks */,
				DAEDDFED1E227EDA000D1F28 /* CoreVideo.framework in Frameworks */,
				DAEDDFEB1E227ED4000D1F28 /* OpenGL.framework in Frameworks */,
			);
			runOnlyForDeploymentPostprocessing = 0;
		};
/* End PBXFrameworksBuildPhase section */

/* Begin PBXGroup section */
		DAEDDFD61E227EC9000D1F28 = {
			isa = PBXGroup;
			children = (
				DAEDDFE11E227EC9000D1F28 /* GPS */,
				DAEDDFE01E227EC9000D1F28 /* Products */,
				DAEDDFE91E227ED4000D1F28 /* Frameworks */,
			);
			sourceTree = "<group>";
		};
		DAEDDFE01E227EC9000D1F28 /* Products */ = {
			isa = PBXGroup;
			children = (
				DAEDDFDF1E227EC9000D1F28 /* GPS */,
			);
			name = Products;
			sourceTree = "<group>";
		};
		DAEDDFE11E227EC9000D1F28 /* GPS */ = {
			isa = PBXGroup;
			children = (
				DAEDDFF41E227FC4000D1F28 /* Camera.cpp */,
				DAEDDFF51E227FC4000D1F28 /* Camera.hpp */,
				DAEDDFF61E227FC4000D1F28 /* GL */,
				DAEDDFF71E227FC4000D1F28 /* GLFW */,
				DAEDDFF81E227FC4000D1F28 /* glm */,
				DAEDDFF91E227FC4000D1F28 /* libGLEW.a */,
				DAEDDFFA1E227FC4000D1F28 /* libglfw3.a */,
				DAEDDFFC1E227FC4000D1F28 /* Mesh.cpp */,
				DAEDDFFD1E227FC4000D1F28 /* Mesh.hpp */,
				DAEDDFFE1E227FC4000D1F28 /* Model3D.cpp */,
				DAEDDFFF1E227FC4000D1F28 /* Model3D.hpp */,
				DAEDE0001E227FC4000D1F28 /* objects */,
				DAEDE0011E227FC4000D1F28 /* OpenGL_4_Application_VS2015.cpp */,
				DAEDE0021E227FC4000D1F28 /* Release */,
				DAEDE0031E227FC4000D1F28 /* Shader.cpp */,
				DAEDE0041E227FC4000D1F28 /* Shader.hpp */,
				DAEDE0051E227FC4000D1F28 /* shaders */,
				DAEDE0061E227FC4000D1F28 /* skybox */,
				DAEDE0071E227FC4000D1F28 /* SkyBox.cpp */,
				DAEDE0081E227FC4000D1F28 /* SkyBox.hpp */,
				DAEDE0091E227FC4000D1F28 /* stb_image.c */,
				DAEDE00A1E227FC4000D1F28 /* stb_image.h */,
				DAEDE00B1E227FC4000D1F28 /* stdafx.cpp */,
				DAEDE00C1E227FC4000D1F28 /* stdafx.h */,
				DAEDE00D1E227FC4000D1F28 /* targetver.h */,
				DAEDE00E1E227FC4000D1F28 /* tiny_obj_loader.h */,
			);
			path = GPS;
			sourceTree = "<group>";
		};
		DAEDDFE91E227ED4000D1F28 /* Frameworks */ = {
			isa = PBXGroup;
			children = (
				DAEDDFF21E227EEE000D1F28 /* IOKit.framework */,
				DAEDDFF01E227EE5000D1F28 /* Cocoa.framework */,
				DAEDDFEE1E227EE0000D1F28 /* CoreGraphics.framework */,
				DAEDDFEC1E227EDA000D1F28 /* CoreVideo.framework */,
				DAEDDFEA1E227ED4000D1F28 /* OpenGL.framework */,
			);
			name = Frameworks;
			sourceTree = "<group>";
		};
/* End PBXGroup section */

/* Begin PBXNativeTarget section */
		DAEDDFDE1E227EC9000D1F28 /* GPS */ = {
			isa = PBXNativeTarget;
			buildConfigurationList = DAEDDFE61E227EC9000D1F28 /* Build configuration list for PBXNativeTarget "GPS" */;
			buildPhases = (
				DAEDDFDB1E227EC9000D1F28 /* Sources */,
				DAEDDFDC1E227EC9000D1F28 /* Frameworks */,
				DAEDDFDD1E227EC9000D1F28 /* CopyFiles */,
			);
			buildRules = (
			);
			dependencies = (
			);
			name = GPS;
			productName = GPS;
			productReference = DAEDDFDF1E227EC9000D1F28 /* GPS */;
			productType = "com.apple.product-type.tool";
		};
/* End PBXNativeTarget section */

/* Begin PBXProject section */
		DAEDDFD71E227EC9000D1F28 /* Project object */ = {
			isa = PBXProject;
			attributes = {
				LastUpgradeCheck = 0820;
				ORGANIZATIONNAME = "MacBook Pro";
				TargetAttributes = {
					DAEDDFDE1E227EC9000D1F28 = {
						CreatedOnToolsVersion = 8.2.1;
						DevelopmentTeam = S2SMX92WPV;
						ProvisioningStyle = Automatic;
					};
				};
			};
			buildConfigurationList = DAEDDFDA1E227EC9000D1F28 /* Build configuration list for PBXProject "GPS" */;
			compatibilityVersion = "Xcode 3.2";
			developmentRegion = English;
			hasScannedForEncodings = 0;
			knownRegions = (
				en,
			);
			mainGroup = DAEDDFD61E227EC9000D1F28;
			productRefGroup = DAEDDFE01E227EC9000D1F28 /* Products */;
			projectDirPath = "";
			projectRoot = "";
			targets = (
				DAEDDFDE1E227EC9000D1F28 /* GPS */,
			);
		};
/* End PBXProject section */

/* Begin PBXSourcesBuildPhase section */
		DAEDDFDB1E227EC9000D1F28 /* Sources */ = {
			isa = PBXSourcesBuildPhase;
			buildActionMask = 2147483647;
			files = (
				DAEDE0191E227FC4000D1F28 /* stdafx.cpp in Sources */,
				DAEDE0171E227FC4000D1F28 /* SkyBox.cpp in Sources */,
				DAEDE0141E227FC4000D1F28 /* Model3D.cpp in Sources */,
				DAEDE0151E227FC4000D1F28 /* OpenGL_4_Application_VS2015.cpp in Sources */,
				DAEDE0131E227FC4000D1F28 /* Mesh.cpp in Sources */,
				DAEDE0161E227FC4000D1F28 /* Shader.cpp in Sources */,
				DAEDE00F1E227FC4000D1F28 /* Camera.cpp in Sources */,
				DAEDE0181E227FC4000D1F28 /* stb_image.c in Sources */,
			);
			runOnlyForDeploymentPostprocessing = 0;
		};
/* End PBXSourcesBuildPhase section */

/* Begin XCBuildConfiguration section */
		DAEDDFE41E227EC9000D1F28 /* Debug */ = {
			isa = XCBuildConfiguration;
			buildSettings = {
				ALWAYS_SEARCH_USER_PATHS = NO;
				CLANG_ANALYZER_NONNULL = YES;
				CLANG_CXX_LANGUAGE_STANDARD = "gnu++0x";
				CLANG_CXX_LIBRARY = "libc++";
				CLANG_ENABLE_MODULES = YES;
				CLANG_ENABLE_OBJC_ARC = YES;
				CLANG_WARN_BOOL_CONVERSION = YES;
				CLANG_WARN_CONSTANT_CONVERSION = YES;
				CLANG_WARN_DIRECT_OBJC_ISA_USAGE = YES_ERROR;
				CLANG_WARN_DOCUMENTATION_COMMENTS = YES;
				CLANG_WARN_EMPTY_BODY = YES;
				CLANG_WARN_ENUM_CONVERSION = YES;
				CLANG_WARN_INFINITE_RECURSION = YES;
				CLANG_WARN_INT_CONVERSION = YES;
				CLANG_WARN_OBJC_ROOT_CLASS = YES_ERROR;
				CLANG_WARN_SUSPICIOUS_MOVE = YES;
				CLANG_WARN_UNREACHABLE_CODE = YES;
				CLANG_WARN__DUPLICATE_METHOD_MATCH = YES;
				CODE_SIGN_IDENTITY = "-";
				COPY_PHASE_STRIP = NO;
				DEBUG_INFORMATION_FORMAT = dwarf;
				ENABLE_STRICT_OBJC_MSGSEND = YES;
				ENABLE_TESTABILITY = YES;
				GCC_C_LANGUAGE_STANDARD = gnu99;
				GCC_DYNAMIC_NO_PIC = NO;
				GCC_NO_COMMON_BLOCKS = YES;
				GCC_OPTIMIZATION_LEVEL = 0;
				GCC_PREPROCESSOR_DEFINITIONS = (
					"DEBUG=1",
					"$(inherited)",
				);
				GCC_WARN_64_TO_32_BIT_CONVERSION = YES;
				GCC_WARN_ABOUT_RETURN_TYPE = YES_ERROR;
				GCC_WARN_UNDECLARED_SELECTOR = YES;
				GCC_WARN_UNINITIALIZED_AUTOS = YES_AGGRESSIVE;
				GCC_WARN_UNUSED_FUNCTION = YES;
				GCC_WARN_UNUSED_VARIABLE = YES;
				MACOSX_DEPLOYMENT_TARGET = 10.12;
				MTL_ENABLE_DEBUG_INFO = YES;
				ONLY_ACTIVE_ARCH = YES;
				SDKROOT = macosx;
			};
			name = Debug;
		};
		DAEDDFE51E227EC9000D1F28 /* Release */ = {
			isa = XCBuildConfiguration;
			buildSettings = {
				ALWAYS_SEARCH_USER_PATHS = NO;
				CLANG_ANALYZER_NONNULL = YES;
				CLANG_CXX_LANGUAGE_STANDARD = "gnu++0x";
				CLANG_CXX_LIBRARY = "libc++";
				CLANG_ENABLE_MODULES = YES;
				CLANG_ENABLE_OBJC_ARC = YES;
				CLANG_WARN_BOOL_CONVERSION = YES;
				CLANG_WARN_CONSTANT_CONVERSION = YES;
				CLANG_WARN_DIRECT_OBJC_ISA_USAGE = YES_ERROR;
				CLANG_WARN_DOCUMENTATION_COMMENTS = YES;
				CLANG_WARN_EMPTY_BODY = YES;
				CLANG_WARN_ENUM_CONVERSION = YES;
				CLANG_WARN_INFINITE_RECURSION = YES;
				CLANG_WARN_INT_CONVERSION = YES;
				CLANG_WARN_OBJC_ROOT_CLASS = YES_ERROR;
				CLANG_WARN_SUSPICIOUS_MOVE = YES;
				CLANG_WARN_UNREACHABLE_CODE = YES;
				CLANG_WARN__DUPLICATE_METHOD_MATCH = YES;
				CODE_SIGN_IDENTITY = "-";
				COPY_PHASE_STRIP = NO;
				DEBUG_INFORMATION_FORMAT = "dwarf-with-dsym";
				ENABLE_NS_ASSERTIONS = NO;
				ENABLE_STRICT_OBJC_MSGSEND = YES;
				GCC_C_LANGUAGE_STANDARD = gnu99;
				GCC_NO_COMMON_BLOCKS = YES;
				GCC_WARN_64_TO_32_BIT_CONVERSION = YES;
				GCC_WARN_ABOUT_RETURN_TYPE = YES_ERROR;
				GCC_WARN_UNDECLARED_SELECTOR = YES;
				GCC_WARN_UNINITIALIZED_AUTOS = YES_AGGRESSIVE;
				GCC_WARN_UNUSED_FUNCTION = YES;
				GCC_WARN_UNUSED_VARIABLE = YES;
				MACOSX_DEPLOYMENT_TARGET = 10.12;
				MTL_ENABLE_DEBUG_INFO = NO;
				SDKROOT = macosx;
			};
			name = Release;
		};
		DAEDDFE71E227EC9000D1F28 /* Debug */ = {
			isa = XCBuildConfiguration;
			buildSettings = {
				DEVELOPMENT_TEAM = S2SMX92WPV;
				LIBRARY_SEARCH_PATHS = (
					"$(inherited)",
					"$(PROJECT_DIR)/GPS",
				);
				PRODUCT_NAME = "$(TARGET_NAME)";
			};
			name = Debug;
		};
		DAEDDFE81E227EC9000D1F28 /* Release */ = {
			isa = XCBuildConfiguration;
			buildSettings = {
				DEVELOPMENT_TEAM = S2SMX92WPV;
				LIBRARY_SEARCH_PATHS = (
					"$(inherited)",
					"$(PROJECT_DIR)/GPS",
				);
				PRODUCT_NAME = "$(TARGET_NAME)";
			};
			name = Release;
		};
/* End XCBuildConfiguration section */

/* Begin XCConfigurationList section */
		DAEDDFDA1E227EC9000D1F28 /* Build configuration list for PBXProject "GPS" */ = {
			isa = XCConfigurationList;
			buildConfigurations = (
				DAEDDFE41E227EC9000D1F28 /* Debug */,
				DAEDDFE51E227EC9000D1F28 /* Release */,
			);
			defaultConfigurationIsVisible = 0;
			defaultConfigurationName = Release;
		};
		DAEDDFE61E227EC9000D1F28 /* Build configuration list for PBXNativeTarget "GPS" */ = {
			isa = XCConfigurationList;
			buildConfigurations = (
				DAEDDFE71E227EC9000D1F28 /* Debug */,
				DAEDDFE81E227EC9000D1F28 /* Release */,
			);
			defaultConfigurationIsVisible = 0;
			defaultConfigurationName = Release;
		};
/* End XCConfigurationList section */
	};
	rootObject = DAEDDFD71E227EC9000D1F28 /* Project object */;
}
