// !$*UTF8*$!
{
	archiveVersion = 1;
	classes = {
	};
	objectVersion = 46;
	objects = {

/* Begin PBXBuildFile section */
		DAEDDFEB1E227ED4000D1F28 /* OpenGL.framework in Frameworks */ = {isa = PBXBuildFile; fileRef = DAEDDFEA1E227ED4000D1F28 /* OpenGL.framework */; };
		DAEDDFED1E227EDA000D1F28 /* CoreVideo.framework in Frameworks */ = {isa = PBXBuildFile; fileRef = DAEDDFEC1E227EDA000D1F28 /* CoreVideo.framework */; };
		DAEDDFEF1E227EE0000D1F28 /* CoreGraphics.framework in Frameworks */ = {isa = PBXBuildFile; fileRef = DAEDDFEE1E227EE0000D1F28 /* CoreGraphics.framework */; };
		DAEDDFF11E227EE5000D1F28 /* Cocoa.framework in Frameworks */ = {isa = PBXBuildFile; fileRef = DAEDDFF01E227EE5000D1F28 /* Cocoa.framework */; };
		DAEDDFF31E227EEE000D1F28 /* IOKit.framework in Frameworks */ = {isa = PBXBuildFile; fileRef = DAEDDFF21E227EEE000D1F28 /* IOKit.framework */; };
/* End PBXBuildFile section */

/* Begin PBXCopyFilesBuildPhase section */
		DAEDDFDD1E227EC9000D1F28 /* CopyFiles */ = {
			isa = PBXCopyFilesBuildPhase;
			buildActionMask = 2147483647;
			dstPath = /usr/share/man/man1/;
			dstSubfolderSpec = 0;
			files = (
			);
			runOnlyForDeploymentPostprocessing = 1;
		};
/* End PBXCopyFilesBuildPhase section */

/* Begin PBXFileReference section */
		DAEDDFDF1E227EC9000D1F28 /* GPS */ = {isa = PBXFileReference; explicitFileType = "compiled.mach-o.executable"; includeInIndex = 0; path = GPS; sourceTree = BUILT_PRODUCTS_DIR; };
		DAEDDFEA1E227ED4000D1F28 /* OpenGL.framework */ = {isa = PBXFileReference; lastKnownFileType = wrapper.framework; name = OpenGL.framework; path = System/Library/Frameworks/OpenGL.framework; sourceTree = SDKROOT; };
		DAEDDFEC1E227EDA000D1F28 /* CoreVideo.framework */ = {isa = PBXFileReference; lastKnownFileType = wrapper.framework; name = CoreVideo.framework; path = System/Library/Frameworks/CoreVideo.framework; sourceTree = SDKROOT; };
		DAEDDFEE1E227EE0000D1F28 /* CoreGraphics.framework */ = {isa = PBXFileReference; lastKnownFileType = wrapper.framework; name = CoreGraphics.framework; path = System/Library/Frameworks/CoreGraphics.framework; sourceTree = SDKROOT; };
		DAEDDFF01E227EE5000D1F28 /* Cocoa.framework */ = {isa = PBXFileReference; lastKnownFileType = wrapper.framework; name = Cocoa.framework; path = System/Library/Frameworks/Cocoa.framework; sourceTree = SDKROOT; };
		DAEDDFF21E227EEE000D1F28 /* IOKit.framework */ = {isa = PBXFileReference; lastKnownFileType = wrapper.framework; name = IOKit.framework; path = System/Library/Frameworks/IOKit.framework; sourceTree = SDKROOT; };
/* End PBXFileReference section */

/* Begin PBXFrameworksBuildPhase section */
		DAEDDFDC1E227EC9000D1F28 /* Frameworks */ = {
			isa = PBXFrameworksBuildPhase;
			buildActionMask = 2147483647;
			files = (
				DAEDDFF31E227EEE000D1F28 /* IOKit.framework in Frameworks */,
				DAEDDFF11E227EE5000D1F28 /* Cocoa.framework in Frameworks */,
				DAEDDFEF1E227EE0000D1F28 /* CoreGraphics.framework in Frameworks */,
				DAEDDFED1E227EDA000D1F28 /* CoreVideo.framework in Frameworks */,
				DAEDDFEB1E227ED4000D1F28 /* OpenGL.framework in Frameworks */,
			);
			runOnlyForDeploymentPostprocessing = 0;
		};
/* End PBXFrameworksBuildPhase section */

/* Begin PBXGroup section */
		DAEDDFD61E227EC9000D1F28 = {
			isa = PBXGroup;
			children = (
				DAEDDFE11E227EC9000D1F28 /* GPS */,
				DAEDDFE01E227EC9000D1F28 /* Products */,
				DAEDDFE91E227ED4000D1F28 /* Frameworks */,
			);
			sourceTree = "<group>";
		};
		DAEDDFE01E227EC9000D1F28 /* Products */ = {
			isa = PBXGroup;
			children = (
				DAEDDFDF1E227EC9000D1F28 /* GPS */,
			);
			name = Products;
			sourceTree = "<group>";
		};
		DAEDDFE11E227EC9000D1F28 /* GPS */ = {
			isa = PBXGroup;
			children = (
			);
			path = GPS;
			sourceTree = "<group>";
		};
		DAEDDFE91E227ED4000D1F28 /* Frameworks */ = {
			isa = PBXGroup;
			children = (
				DAEDDFF21E227EEE000D1F28 /* IOKit.framework */,
				DAEDDFF01E227EE5000D1F28 /* Cocoa.framework */,
				DAEDDFEE1E227EE0000D1F28 /* CoreGraphics.framework */,
				DAEDDFEC1E227EDA000D1F28 /* CoreVideo.framework */,
				DAEDDFEA1E227ED4000D1F28 /* OpenGL.framework */,
			);
			name = Frameworks;
			sourceTree = "<group>";
		};
/* End PBXGroup section */

/* Begin PBXNativeTarget section */
		DAEDDFDE1E227EC9000D1F28 /* GPS */ = {
			isa = PBXNativeTarget;
			buildConfigurationList = DAEDDFE61E227EC9000D1F28 /* Build configuration list for PBXNativeTarget "GPS" */;
			buildPhases = (
				DAEDDFDB1E227EC9000D1F28 /* Sources */,
				DAEDDFDC1E227EC9000D1F28 /* Frameworks */,
				DAEDDFDD1E227EC9000D1F28 /* CopyFiles */,
			);
			buildRules = (
			);
			dependencies = (
			);
			name = GPS;
			productName = GPS;
			productReference = DAEDDFDF1E227EC9000D1F28 /* GPS */;
			productType = "com.apple.product-type.tool";
		};
/* End PBXNativeTarget section */

/* Begin PBXProject section */
		DAEDDFD71E227EC9000D1F28 /* Project object */ = {
			isa = PBXProject;
			attributes = {
				LastUpgradeCheck = 0820;
				ORGANIZATIONNAME = "MacBook Pro";
				TargetAttributes = {
					DAEDDFDE1E227EC9000D1F28 = {
						CreatedOnToolsVersion = 8.2.1;
						DevelopmentTeam = S2SMX92WPV;
						ProvisioningStyle = Automatic;
					};
				};
			};
			buildConfigurationList = DAEDDFDA1E227EC9000D1F28 /* Build configuration list for PBXProject "GPS" */;
			compatibilityVersion = "Xcode 3.2";
			developmentRegion = English;
			hasScannedForEncodings = 0;
			knownRegions = (
				en,
			);
			mainGroup = DAEDDFD61E227EC9000D1F28;
			productRefGroup = DAEDDFE01E227EC9000D1F28 /* Products */;
			projectDirPath = "";
			projectRoot = "";
			targets = (
				DAEDDFDE1E227EC9000D1F28 /* GPS */,
			);
		};
/* End PBXProject section */

/* Begin PBXSourcesBuildPhase section */
		DAEDDFDB1E227EC9000D1F28 /* Sources */ = {
			isa = PBXSourcesBuildPhase;
			buildActionMask = 2147483647;
			files = (
			);
			runOnlyForDeploymentPostprocessing = 0;
		};
/* End PBXSourcesBuildPhase section */

/* Begin XCBuildConfiguration section */
		DAEDDFE41E227EC9000D1F28 /* Debug */ = {
			isa = XCBuildConfiguration;
			buildSettings = {
				ALWAYS_SEARCH_USER_PATHS = NO;
				CLANG_ANALYZER_NONNULL = YES;
				CLANG_CXX_LANGUAGE_STANDARD = "gnu++0x";
				CLANG_CXX_LIBRARY = "libc++";
				CLANG_ENABLE_MODULES = YES;
				CLANG_ENABLE_OBJC_ARC = YES;
				CLANG_WARN_BOOL_CONVERSION = YES;
				CLANG_WARN_CONSTANT_CONVERSION = YES;
				CLANG_WARN_DIRECT_OBJC_ISA_USAGE = YES_ERROR;
				CLANG_WARN_DOCUMENTATION_COMMENTS = YES;
				CLANG_WARN_EMPTY_BODY = YES;
				CLANG_WARN_ENUM_CONVERSION = YES;
				CLANG_WARN_INFINITE_RECURSION = YES;
				CLANG_WARN_INT_CONVERSION = YES;
				CLANG_WARN_OBJC_ROOT_CLASS = YES_ERROR;
				CLANG_WARN_SUSPICIOUS_MOVE = YES;
				CLANG_WARN_UNREACHABLE_CODE = YES;
				CLANG_WARN__DUPLICATE_METHOD_MATCH = YES;
				CODE_SIGN_IDENTITY = "-";
				COPY_PHASE_STRIP = NO;
				DEBUG_INFORMATION_FORMAT = dwarf;
				ENABLE_STRICT_OBJC_MSGSEND = YES;
				ENABLE_TESTABILITY = YES;
				GCC_C_LANGUAGE_STANDARD = gnu99;
				GCC_DYNAMIC_NO_PIC = NO;
				GCC_NO_COMMON_BLOCKS = YES;
				GCC_OPTIMIZATION_LEVEL = 0;
				GCC_PREPROCESSOR_DEFINITIONS = (
					"DEBUG=1",
					"$(inherited)",
				);
				GCC_WARN_64_TO_32_BIT_CONVERSION = YES;
				GCC_WARN_ABOUT_RETURN_TYPE = YES_ERROR;
				GCC_WARN_UNDECLARED_SELECTOR = YES;
				GCC_WARN_UNINITIALIZED_AUTOS = YES_AGGRESSIVE;
				GCC_WARN_UNUSED_FUNCTION = YES;
				GCC_WARN_UNUSED_VARIABLE = YES;
				MACOSX_DEPLOYMENT_TARGET = 10.12;
				MTL_ENABLE_DEBUG_INFO = YES;
				ONLY_ACTIVE_ARCH = YES;
				SDKROOT = macosx;
			};
			name = Debug;
		};
		DAEDDFE51E227EC9000D1F28 /* Release */ = {
			isa = XCBuildConfiguration;
			buildSettings = {
				ALWAYS_SEARCH_USER_PATHS = NO;
				CLANG_ANALYZER_NONNULL = YES;
				CLANG_CXX_LANGUAGE_STANDARD = "gnu++0x";
				CLANG_CXX_LIBRARY = "libc++";
				CLANG_ENABLE_MODULES = YES;
				CLANG_ENABLE_OBJC_ARC = YES;
				CLANG_WARN_BOOL_CONVERSION = YES;
				CLANG_WARN_CONSTANT_CONVERSION = YES;
				CLANG_WARN_DIRECT_OBJC_ISA_USAGE = YES_ERROR;
				CLANG_WARN_DOCUMENTATION_COMMENTS = YES;
				CLANG_WARN_EMPTY_BODY = YES;
				CLANG_WARN_ENUM_CONVERSION = YES;
				CLANG_WARN_INFINITE_RECURSION = YES;
				CLANG_WARN_INT_CONVERSION = YES;
				CLANG_WARN_OBJC_ROOT_CLASS = YES_ERROR;
				CLANG_WARN_SUSPICIOUS_MOVE = YES;
				CLANG_WARN_UNREACHABLE_CODE = YES;
				CLANG_WARN__DUPLICATE_METHOD_MATCH = YES;
				CODE_SIGN_IDENTITY = "-";
				COPY_PHASE_STRIP = NO;
				DEBUG_INFORMATION_FORMAT = "dwarf-with-dsym";
				ENABLE_NS_ASSERTIONS = NO;
				ENABLE_STRICT_OBJC_MSGSEND = YES;
				GCC_C_LANGUAGE_STANDARD = gnu99;
				GCC_NO_COMMON_BLOCKS = YES;
				GCC_WARN_64_TO_32_BIT_CONVERSION = YES;
				GCC_WARN_ABOUT_RETURN_TYPE = YES_ERROR;
				GCC_WARN_UNDECLARED_SELECTOR = YES;
				GCC_WARN_UNINITIALIZED_AUTOS = YES_AGGRESSIVE;
				GCC_WARN_UNUSED_FUNCTION = YES;
				GCC_WARN_UNUSED_VARIABLE = YES;
				MACOSX_DEPLOYMENT_TARGET = 10.12;
				MTL_ENABLE_DEBUG_INFO = NO;
				SDKROOT = macosx;
			};
			name = Release;
		};
		DAEDDFE71E227EC9000D1F28 /* Debug */ = {
			isa = XCBuildConfiguration;
			buildSettings = {
				DEVELOPMENT_TEAM = S2SMX92WPV;
				PRODUCT_NAME = "$(TARGET_NAME)";
			};
			name = Debug;
		};
		DAEDDFE81E227EC9000D1F28 /* Release */ = {
			isa = XCBuildConfiguration;
			buildSettings = {
				DEVELOPMENT_TEAM = S2SMX92WPV;
				PRODUCT_NAME = "$(TARGET_NAME)";
			};
			name = Release;
		};
/* End XCBuildConfiguration section */

/* Begin XCConfigurationList section */
		DAEDDFDA1E227EC9000D1F28 /* Build configuration list for PBXProject "GPS" */ = {
			isa = XCConfigurationList;
			buildConfigurations = (
				DAEDDFE41E227EC9000D1F28 /* Debug */,
				DAEDDFE51E227EC9000D1F28 /* Release */,
			);
			defaultConfigurationIsVisible = 0;
			defaultConfigurationName = Release;
		};
		DAEDDFE61E227EC9000D1F28 /* Build configuration list for PBXNativeTarget "GPS" */ = {
			isa = XCConfigurationList;
			buildConfigurations = (
				DAEDDFE71E227EC9000D1F28 /* Debug */,
				DAEDDFE81E227EC9000D1F28 /* Release */,
			);
			defaultConfigurationIsVisible = 0;
		};
/* End XCConfigurationList section */
	};
	rootObject = DAEDDFD71E227EC9000D1F28 /* Project object */;
}
